
Microsoft Visual Studio Solution File, Format Version 12.00
# Visual Studio 2010
Project("{E24C65DC-7377-472B-9ABA-BC803B73C61A}") = "SafetyCode", "SafetyCode\", "{D0D21CC0-4C28-4A9B-9FE8-53ADF4DCB8BA}"
	ProjectSection(WebsiteProperties) = preProject
		Frontpage = "false"
		TargetFrameworkMoniker = ".NETFramework,Version%3Dv4.0"
		Debug.AspNetCompiler.VirtualPath = "/SafetyCode"
		Debug.AspNetCompiler.PhysicalPath = "SafetyCode\"
		Debug.AspNetCompiler.TargetPath = "PrecompiledWeb\SafetyCode\"
		Debug.AspNetCompiler.Updateable = "true"
		Debug.AspNetCompiler.ForceOverwrite = "true"
		Debug.AspNetCompiler.FixedNames = "false"
		Debug.AspNetCompiler.Debug = "True"
		Release.AspNetCompiler.VirtualPath = "/SafetyCode"
		Release.AspNetCompiler.PhysicalPath = "SafetyCode\"
		Release.AspNetCompiler.TargetPath = "PrecompiledWeb\SafetyCode\"
		Release.AspNetCompiler.Updateable = "true"
		Release.AspNetCompiler.ForceOverwrite = "true"
		Release.AspNetCompiler.FixedNames = "false"
		Release.AspNetCompiler.Debug = "False"
		VWDPort = "50803"
		VWDVirtualPath = "/SafetyCode"
		DefaultWebSiteLanguage = "Visual Basic"
	EndProjectSection
EndProject
Global
	GlobalSection(SolutionConfigurationPlatforms) = preSolution
		Debug|Any CPU = Debug|Any CPU
		Debug|Mixed Platforms = Debug|Mixed Platforms
		Debug|x86 = Debug|x86
		Release|Any CPU = Release|Any CPU
		Release|Mixed Platforms = Release|Mixed Platforms
		Release|x86 = Release|x86
	EndGlobalSection
	GlobalSection(ProjectConfigurationPlatforms) = postSolution
		{D0D21CC0-4C28-4A9B-9FE8-53ADF4DCB8BA}.Debug|Any CPU.ActiveCfg = Debug|Any CPU
		{D0D21CC0-4C28-4A9B-9FE8-53ADF4DCB8BA}.Debug|Any CPU.Build.0 = Debug|Any CPU
		{D0D21CC0-4C28-4A9B-9FE8-53ADF4DCB8BA}.Debug|Mixed Platforms.ActiveCfg = Debug|Any CPU
		{D0D21CC0-4C28-4A9B-9FE8-53ADF4DCB8BA}.Debug|Mixed Platforms.Build.0 = Debug|Any CPU
		{D0D21CC0-4C28-4A9B-9FE8-53ADF4DCB8BA}.Debug|x86.ActiveCfg = Debug|Any CPU
		{D0D21CC0-4C28-4A9B-9FE8-53ADF4DCB8BA}.Release|Any CPU.ActiveCfg = Debug|Any CPU
		{D0D21CC0-4C28-4A9B-9FE8-53ADF4DCB8BA}.Release|Any CPU.Build.0 = Debug|Any CPU
		{D0D21CC0-4C28-4A9B-9FE8-53ADF4DCB8BA}.Release|Mixed Platforms.ActiveCfg = Debug|Any CPU
		{D0D21CC0-4C28-4A9B-9FE8-53ADF4DCB8BA}.Release|Mixed Platforms.Build.0 = Debug|Any CPU
		{D0D21CC0-4C28-4A9B-9FE8-53ADF4DCB8BA}.Release|x86.ActiveCfg = Debug|Any CPU
	EndGlobalSection
	GlobalSection(SolutionProperties) = preSolution
		HideSolutionNode = FALSE
	EndGlobalSection
EndGlobal
